// !$*UTF8*$!
{
	archiveVersion = 1;
	classes = {
	};
	objectVersion = 51;
	objects = {

/* Begin PBXBuildFile section */
		501CDF03D0CE06872A08A31D /* Pods_DropDownMenu.framework in Frameworks */ = {isa = PBXBuildFile; fileRef = 9100929D9FBF897D402A4EB9 /* Pods_DropDownMenu.framework */; };
		949BF18D52AFDABF1E8FA789 /* Pods_DropDownMenu_DropDownMenuUITests.framework in Frameworks */ = {isa = PBXBuildFile; fileRef = 38CB8B87AF707C7D1F03FE36 /* Pods_DropDownMenu_DropDownMenuUITests.framework */; };
		CEF1AF2F24E8573600E1924D /* AppDelegate.swift in Sources */ = {isa = PBXBuildFile; fileRef = CEF1AF2E24E8573600E1924D /* AppDelegate.swift */; };
		CEF1AF3124E8573600E1924D /* SceneDelegate.swift in Sources */ = {isa = PBXBuildFile; fileRef = CEF1AF3024E8573600E1924D /* SceneDelegate.swift */; };
		CEF1AF3324E8573600E1924D /* ViewController.swift in Sources */ = {isa = PBXBuildFile; fileRef = CEF1AF3224E8573600E1924D /* ViewController.swift */; };
		CEF1AF3624E8573600E1924D /* Main.storyboard in Resources */ = {isa = PBXBuildFile; fileRef = CEF1AF3424E8573600E1924D /* Main.storyboard */; };
		CEF1AF3824E8573C00E1924D /* Assets.xcassets in Resources */ = {isa = PBXBuildFile; fileRef = CEF1AF3724E8573C00E1924D /* Assets.xcassets */; };
		CEF1AF3B24E8573C00E1924D /* LaunchScreen.storyboard in Resources */ = {isa = PBXBuildFile; fileRef = CEF1AF3924E8573C00E1924D /* LaunchScreen.storyboard */; };
		CEF1AF4624E8573D00E1924D /* DropDownMenuTests.swift in Sources */ = {isa = PBXBuildFile; fileRef = CEF1AF4524E8573D00E1924D /* DropDownMenuTests.swift */; };
		CEF1AF5124E8573D00E1924D /* DropDownMenuUITests.swift in Sources */ = {isa = PBXBuildFile; fileRef = CEF1AF5024E8573D00E1924D /* DropDownMenuUITests.swift */; };
		CEF1AF5F24E85ACB00E1924D /* iOSDropDown.framework in Frameworks */ = {isa = PBXBuildFile; fileRef = CEF1AF5E24E85ACB00E1924D /* iOSDropDown.framework */; };
		D5331E468B0C25D66A9C1C0B /* Pods_DropDownMenuTests.framework in Frameworks */ = {isa = PBXBuildFile; fileRef = 932F6522D07BE9AA4DF88E1A /* Pods_DropDownMenuTests.framework */; };
/* End PBXBuildFile section */

/* Begin PBXContainerItemProxy section */
		CEF1AF4224E8573D00E1924D /* PBXContainerItemProxy */ = {
			isa = PBXContainerItemProxy;
			containerPortal = CEF1AF2324E8573600E1924D /* Project object */;
			proxyType = 1;
			remoteGlobalIDString = CEF1AF2A24E8573600E1924D;
			remoteInfo = DropDownMenu;
		};
		CEF1AF4D24E8573D00E1924D /* PBXContainerItemProxy */ = {
			isa = PBXContainerItemProxy;
			containerPortal = CEF1AF2324E8573600E1924D /* Project object */;
			proxyType = 1;
			remoteGlobalIDString = CEF1AF2A24E8573600E1924D;
			remoteInfo = DropDownMenu;
		};
/* End PBXContainerItemProxy section */

/* Begin PBXFileReference section */
		38CB8B87AF707C7D1F03FE36 /* Pods_DropDownMenu_DropDownMenuUITests.framework */ = {isa = PBXFileReference; explicitFileType = wrapper.framework; includeInIndex = 0; path = Pods_DropDownMenu_DropDownMenuUITests.framework; sourceTree = BUILT_PRODUCTS_DIR; };
		628FC4CF15047BA9B3C8A201 /* Pods-DropDownMenuTests.debug.xcconfig */ = {isa = PBXFileReference; includeInIndex = 1; lastKnownFileType = text.xcconfig; name = "Pods-DropDownMenuTests.debug.xcconfig"; path = "Target Support Files/Pods-DropDownMenuTests/Pods-DropDownMenuTests.debug.xcconfig"; sourceTree = "<group>"; };
		7E0A5C272E6D0033BD7FA4FB /* Pods-DropDownMenu-DropDownMenuUITests.debug.xcconfig */ = {isa = PBXFileReference; includeInIndex = 1; lastKnownFileType = text.xcconfig; name = "Pods-DropDownMenu-DropDownMenuUITests.debug.xcconfig"; path = "Target Support Files/Pods-DropDownMenu-DropDownMenuUITests/Pods-DropDownMenu-DropDownMenuUITests.debug.xcconfig"; sourceTree = "<group>"; };
		8E1D3EB6E27A6D39FEBCC03C /* Pods-DropDownMenu-DropDownMenuUITests.release.xcconfig */ = {isa = PBXFileReference; includeInIndex = 1; lastKnownFileType = text.xcconfig; name = "Pods-DropDownMenu-DropDownMenuUITests.release.xcconfig"; path = "Target Support Files/Pods-DropDownMenu-DropDownMenuUITests/Pods-DropDownMenu-DropDownMenuUITests.release.xcconfig"; sourceTree = "<group>"; };
		9100929D9FBF897D402A4EB9 /* Pods_DropDownMenu.framework */ = {isa = PBXFileReference; explicitFileType = wrapper.framework; includeInIndex = 0; path = Pods_DropDownMenu.framework; sourceTree = BUILT_PRODUCTS_DIR; };
		932F6522D07BE9AA4DF88E1A /* Pods_DropDownMenuTests.framework */ = {isa = PBXFileReference; explicitFileType = wrapper.framework; includeInIndex = 0; path = Pods_DropDownMenuTests.framework; sourceTree = BUILT_PRODUCTS_DIR; };
		BB517BC385F8231484FEEFAB /* Pods-DropDownMenuTests.release.xcconfig */ = {isa = PBXFileReference; includeInIndex = 1; lastKnownFileType = text.xcconfig; name = "Pods-DropDownMenuTests.release.xcconfig"; path = "Target Support Files/Pods-DropDownMenuTests/Pods-DropDownMenuTests.release.xcconfig"; sourceTree = "<group>"; };
		CEF1AF2B24E8573600E1924D /* DropDownMenu.app */ = {isa = PBXFileReference; explicitFileType = wrapper.application; includeInIndex = 0; path = DropDownMenu.app; sourceTree = BUILT_PRODUCTS_DIR; };
		CEF1AF2E24E8573600E1924D /* AppDelegate.swift */ = {isa = PBXFileReference; lastKnownFileType = sourcecode.swift; path = AppDelegate.swift; sourceTree = "<group>"; };
		CEF1AF3024E8573600E1924D /* SceneDelegate.swift */ = {isa = PBXFileReference; lastKnownFileType = sourcecode.swift; path = SceneDelegate.swift; sourceTree = "<group>"; };
		CEF1AF3224E8573600E1924D /* ViewController.swift */ = {isa = PBXFileReference; lastKnownFileType = sourcecode.swift; path = ViewController.swift; sourceTree = "<group>"; };
		CEF1AF3524E8573600E1924D /* Base */ = {isa = PBXFileReference; lastKnownFileType = file.storyboard; name = Base; path = Base.lproj/Main.storyboard; sourceTree = "<group>"; };
		CEF1AF3724E8573C00E1924D /* Assets.xcassets */ = {isa = PBXFileReference; lastKnownFileType = folder.assetcatalog; path = Assets.xcassets; sourceTree = "<group>"; };
		CEF1AF3A24E8573C00E1924D /* Base */ = {isa = PBXFileReference; lastKnownFileType = file.storyboard; name = Base; path = Base.lproj/LaunchScreen.storyboard; sourceTree = "<group>"; };
		CEF1AF3C24E8573C00E1924D /* Info.plist */ = {isa = PBXFileReference; lastKnownFileType = text.plist.xml; path = Info.plist; sourceTree = "<group>"; };
		CEF1AF4124E8573D00E1924D /* DropDownMenuTests.xctest */ = {isa = PBXFileReference; explicitFileType = wrapper.cfbundle; includeInIndex = 0; path = DropDownMenuTests.xctest; sourceTree = BUILT_PRODUCTS_DIR; };
		CEF1AF4524E8573D00E1924D /* DropDownMenuTests.swift */ = {isa = PBXFileReference; lastKnownFileType = sourcecode.swift; path = DropDownMenuTests.swift; sourceTree = "<group>"; };
		CEF1AF4724E8573D00E1924D /* Info.plist */ = {isa = PBXFileReference; lastKnownFileType = text.plist.xml; path = Info.plist; sourceTree = "<group>"; };
		CEF1AF4C24E8573D00E1924D /* DropDownMenuUITests.xctest */ = {isa = PBXFileReference; explicitFileType = wrapper.cfbundle; includeInIndex = 0; path = DropDownMenuUITests.xctest; sourceTree = BUILT_PRODUCTS_DIR; };
		CEF1AF5024E8573D00E1924D /* DropDownMenuUITests.swift */ = {isa = PBXFileReference; lastKnownFileType = sourcecode.swift; path = DropDownMenuUITests.swift; sourceTree = "<group>"; };
		CEF1AF5224E8573D00E1924D /* Info.plist */ = {isa = PBXFileReference; lastKnownFileType = text.plist.xml; path = Info.plist; sourceTree = "<group>"; };
		CEF1AF5E24E85ACB00E1924D /* iOSDropDown.framework */ = {isa = PBXFileReference; explicitFileType = wrapper.framework; path = iOSDropDown.framework; sourceTree = BUILT_PRODUCTS_DIR; };
		CFC11604AE56F7A62D63ABE9 /* Pods-DropDownMenu.debug.xcconfig */ = {isa = PBXFileReference; includeInIndex = 1; lastKnownFileType = text.xcconfig; name = "Pods-DropDownMenu.debug.xcconfig"; path = "Target Support Files/Pods-DropDownMenu/Pods-DropDownMenu.debug.xcconfig"; sourceTree = "<group>"; };
		FFF29AB21E3F66598909B3E8 /* Pods-DropDownMenu.release.xcconfig */ = {isa = PBXFileReference; includeInIndex = 1; lastKnownFileType = text.xcconfig; name = "Pods-DropDownMenu.release.xcconfig"; path = "Target Support Files/Pods-DropDownMenu/Pods-DropDownMenu.release.xcconfig"; sourceTree = "<group>"; };
/* End PBXFileReference section */

/* Begin PBXFrameworksBuildPhase section */
		CEF1AF2824E8573600E1924D /* Frameworks */ = {
			isa = PBXFrameworksBuildPhase;
			buildActionMask = 2147483647;
			files = (
				CEF1AF5F24E85ACB00E1924D /* iOSDropDown.framework in Frameworks */,
				501CDF03D0CE06872A08A31D /* Pods_DropDownMenu.framework in Frameworks */,
			);
			runOnlyForDeploymentPostprocessing = 0;
		};
		CEF1AF3E24E8573D00E1924D /* Frameworks */ = {
			isa = PBXFrameworksBuildPhase;
			buildActionMask = 2147483647;
			files = (
				D5331E468B0C25D66A9C1C0B /* Pods_DropDownMenuTests.framework in Frameworks */,
			);
			runOnlyForDeploymentPostprocessing = 0;
		};
		CEF1AF4924E8573D00E1924D /* Frameworks */ = {
			isa = PBXFrameworksBuildPhase;
			buildActionMask = 2147483647;
			files = (
				949BF18D52AFDABF1E8FA789 /* Pods_DropDownMenu_DropDownMenuUITests.framework in Frameworks */,
			);
			runOnlyForDeploymentPostprocessing = 0;
		};
/* End PBXFrameworksBuildPhase section */

/* Begin PBXGroup section */
		1F79AFC77A67B43CB259CA0D /* Pods */ = {
			isa = PBXGroup;
			children = (
				CFC11604AE56F7A62D63ABE9 /* Pods-DropDownMenu.debug.xcconfig */,
				FFF29AB21E3F66598909B3E8 /* Pods-DropDownMenu.release.xcconfig */,
				7E0A5C272E6D0033BD7FA4FB /* Pods-DropDownMenu-DropDownMenuUITests.debug.xcconfig */,
				8E1D3EB6E27A6D39FEBCC03C /* Pods-DropDownMenu-DropDownMenuUITests.release.xcconfig */,
				628FC4CF15047BA9B3C8A201 /* Pods-DropDownMenuTests.debug.xcconfig */,
				BB517BC385F8231484FEEFAB /* Pods-DropDownMenuTests.release.xcconfig */,
			);
			path = Pods;
			sourceTree = "<group>";
		};
		3FB085E7E7B40304AAE72CBE /* Frameworks */ = {
			isa = PBXGroup;
			children = (
				CEF1AF5E24E85ACB00E1924D /* iOSDropDown.framework */,
				9100929D9FBF897D402A4EB9 /* Pods_DropDownMenu.framework */,
				38CB8B87AF707C7D1F03FE36 /* Pods_DropDownMenu_DropDownMenuUITests.framework */,
				932F6522D07BE9AA4DF88E1A /* Pods_DropDownMenuTests.framework */,
			);
			name = Frameworks;
			sourceTree = "<group>";
		};
		CEF1AF2224E8573600E1924D = {
			isa = PBXGroup;
			children = (
				CEF1AF2D24E8573600E1924D /* DropDownMenu */,
				CEF1AF4424E8573D00E1924D /* DropDownMenuTests */,
				CEF1AF4F24E8573D00E1924D /* DropDownMenuUITests */,
				CEF1AF2C24E8573600E1924D /* Products */,
				1F79AFC77A67B43CB259CA0D /* Pods */,
				3FB085E7E7B40304AAE72CBE /* Frameworks */,
			);
			sourceTree = "<group>";
		};
		CEF1AF2C24E8573600E1924D /* Products */ = {
			isa = PBXGroup;
			children = (
				CEF1AF2B24E8573600E1924D /* DropDownMenu.app */,
				CEF1AF4124E8573D00E1924D /* DropDownMenuTests.xctest */,
				CEF1AF4C24E8573D00E1924D /* DropDownMenuUITests.xctest */,
			);
			name = Products;
			sourceTree = "<group>";
		};
		CEF1AF2D24E8573600E1924D /* DropDownMenu */ = {
			isa = PBXGroup;
			children = (
				CEF1AF2E24E8573600E1924D /* AppDelegate.swift */,
				CEF1AF3024E8573600E1924D /* SceneDelegate.swift */,
				CEF1AF3224E8573600E1924D /* ViewController.swift */,
				CEF1AF3424E8573600E1924D /* Main.storyboard */,
				CEF1AF3724E8573C00E1924D /* Assets.xcassets */,
				CEF1AF3924E8573C00E1924D /* LaunchScreen.storyboard */,
				CEF1AF3C24E8573C00E1924D /* Info.plist */,
			);
			path = DropDownMenu;
			sourceTree = "<group>";
		};
		CEF1AF4424E8573D00E1924D /* DropDownMenuTests */ = {
			isa = PBXGroup;
			children = (
				CEF1AF4524E8573D00E1924D /* DropDownMenuTests.swift */,
				CEF1AF4724E8573D00E1924D /* Info.plist */,
			);
			path = DropDownMenuTests;
			sourceTree = "<group>";
		};
		CEF1AF4F24E8573D00E1924D /* DropDownMenuUITests */ = {
			isa = PBXGroup;
			children = (
				CEF1AF5024E8573D00E1924D /* DropDownMenuUITests.swift */,
				CEF1AF5224E8573D00E1924D /* Info.plist */,
			);
			path = DropDownMenuUITests;
			sourceTree = "<group>";
		};
/* End PBXGroup section */

/* Begin PBXNativeTarget section */
		CEF1AF2A24E8573600E1924D /* DropDownMenu */ = {
			isa = PBXNativeTarget;
			buildConfigurationList = CEF1AF5524E8573D00E1924D /* Build configuration list for PBXNativeTarget "DropDownMenu" */;
			buildPhases = (
				FB9BE485F1D6D352F178FF18 /* [CP] Check Pods Manifest.lock */,
				CEF1AF2724E8573600E1924D /* Sources */,
				CEF1AF2824E8573600E1924D /* Frameworks */,
				CEF1AF2924E8573600E1924D /* Resources */,
				10B760EB1A58F42FA17EDAC7 /* [CP] Embed Pods Frameworks */,
			);
			buildRules = (
			);
			dependencies = (
			);
			name = DropDownMenu;
			productName = DropDownMenu;
			productReference = CEF1AF2B24E8573600E1924D /* DropDownMenu.app */;
			productType = "com.apple.product-type.application";
		};
		CEF1AF4024E8573D00E1924D /* DropDownMenuTests */ = {
			isa = PBXNativeTarget;
			buildConfigurationList = CEF1AF5824E8573D00E1924D /* Build configuration list for PBXNativeTarget "DropDownMenuTests" */;
			buildPhases = (
				F5283B22E0526FDCDD551348 /* [CP] Check Pods Manifest.lock */,
				CEF1AF3D24E8573D00E1924D /* Sources */,
				CEF1AF3E24E8573D00E1924D /* Frameworks */,
				CEF1AF3F24E8573D00E1924D /* Resources */,
			);
			buildRules = (
			);
			dependencies = (
				CEF1AF4324E8573D00E1924D /* PBXTargetDependency */,
			);
			name = DropDownMenuTests;
			productName = DropDownMenuTests;
			productReference = CEF1AF4124E8573D00E1924D /* DropDownMenuTests.xctest */;
			productType = "com.apple.product-type.bundle.unit-test";
		};
		CEF1AF4B24E8573D00E1924D /* DropDownMenuUITests */ = {
			isa = PBXNativeTarget;
			buildConfigurationList = CEF1AF5B24E8573D00E1924D /* Build configuration list for PBXNativeTarget "DropDownMenuUITests" */;
			buildPhases = (
				0B81A932A1268016EEDF67F0 /* [CP] Check Pods Manifest.lock */,
				CEF1AF4824E8573D00E1924D /* Sources */,
				CEF1AF4924E8573D00E1924D /* Frameworks */,
				CEF1AF4A24E8573D00E1924D /* Resources */,
				D5CD19AC22BBA8BD27376685 /* [CP] Embed Pods Frameworks */,
			);
			buildRules = (
			);
			dependencies = (
				CEF1AF4E24E8573D00E1924D /* PBXTargetDependency */,
			);
			name = DropDownMenuUITests;
			productName = DropDownMenuUITests;
			productReference = CEF1AF4C24E8573D00E1924D /* DropDownMenuUITests.xctest */;
			productType = "com.apple.product-type.bundle.ui-testing";
		};
/* End PBXNativeTarget section */

/* Begin PBXProject section */
		CEF1AF2324E8573600E1924D /* Project object */ = {
			isa = PBXProject;
			attributes = {
				LastSwiftUpdateCheck = 1130;
				LastUpgradeCheck = 1130;
				ORGANIZATIONNAME = "Bartu akman";
				TargetAttributes = {
					CEF1AF2A24E8573600E1924D = {
						CreatedOnToolsVersion = 11.3.1;
					};
					CEF1AF4024E8573D00E1924D = {
						CreatedOnToolsVersion = 11.3.1;
						TestTargetID = CEF1AF2A24E8573600E1924D;
					};
					CEF1AF4B24E8573D00E1924D = {
						CreatedOnToolsVersion = 11.3.1;
						TestTargetID = CEF1AF2A24E8573600E1924D;
					};
				};
			};
			buildConfigurationList = CEF1AF2624E8573600E1924D /* Build configuration list for PBXProject "DropDownMenu" */;
			compatibilityVersion = "Xcode 9.3";
			developmentRegion = en;
			hasScannedForEncodings = 0;
			knownRegions = (
				en,
				Base,
			);
			mainGroup = CEF1AF2224E8573600E1924D;
			productRefGroup = CEF1AF2C24E8573600E1924D /* Products */;
			projectDirPath = "";
			projectRoot = "";
			targets = (
				CEF1AF2A24E8573600E1924D /* DropDownMenu */,
				CEF1AF4024E8573D00E1924D /* DropDownMenuTests */,
				CEF1AF4B24E8573D00E1924D /* DropDownMenuUITests */,
			);
		};
/* End PBXProject section */

/* Begin PBXResourcesBuildPhase section */
		CEF1AF2924E8573600E1924D /* Resources */ = {
			isa = PBXResourcesBuildPhase;
			buildActionMask = 2147483647;
			files = (
				CEF1AF3B24E8573C00E1924D /* LaunchScreen.storyboard in Resources */,
				CEF1AF3824E8573C00E1924D /* Assets.xcassets in Resources */,
				CEF1AF3624E8573600E1924D /* Main.storyboard in Resources */,
			);
			runOnlyForDeploymentPostprocessing = 0;
		};
		CEF1AF3F24E8573D00E1924D /* Resources */ = {
			isa = PBXResourcesBuildPhase;
			buildActionMask = 2147483647;
			files = (
			);
			runOnlyForDeploymentPostprocessing = 0;
		};
		CEF1AF4A24E8573D00E1924D /* Resources */ = {
			isa = PBXResourcesBuildPhase;
			buildActionMask = 2147483647;
			files = (
			);
			runOnlyForDeploymentPostprocessing = 0;
		};
/* End PBXResourcesBuildPhase section */

/* Begin PBXShellScriptBuildPhase section */
		0B81A932A1268016EEDF67F0 /* [CP] Check Pods Manifest.lock */ = {
			isa = PBXShellScriptBuildPhase;
			buildActionMask = 2147483647;
			files = (
			);
			inputFileListPaths = (
			);
			inputPaths = (
				"${PODS_PODFILE_DIR_PATH}/Podfile.lock",
				"${PODS_ROOT}/Manifest.lock",
			);
			name = "[CP] Check Pods Manifest.lock";
			outputFileListPaths = (
			);
			outputPaths = (
				"$(DERIVED_FILE_DIR)/Pods-DropDownMenu-DropDownMenuUITests-checkManifestLockResult.txt",
			);
			runOnlyForDeploymentPostprocessing = 0;
			shellPath = /bin/sh;
			shellScript = "diff \"${PODS_PODFILE_DIR_PATH}/Podfile.lock\" \"${PODS_ROOT}/Manifest.lock\" > /dev/null\nif [ $? != 0 ] ; then\n    # print error to STDERR\n    echo \"error: The sandbox is not in sync with the Podfile.lock. Run 'pod install' or update your CocoaPods installation.\" >&2\n    exit 1\nfi\n# This output is used by Xcode 'outputs' to avoid re-running this script phase.\necho \"SUCCESS\" > \"${SCRIPT_OUTPUT_FILE_0}\"\n";
			showEnvVarsInLog = 0;
		};
		10B760EB1A58F42FA17EDAC7 /* [CP] Embed Pods Frameworks */ = {
			isa = PBXShellScriptBuildPhase;
			buildActionMask = 2147483647;
			files = (
			);
			inputFileListPaths = (
				"${PODS_ROOT}/Target Support Files/Pods-DropDownMenu/Pods-DropDownMenu-frameworks-${CONFIGURATION}-input-files.xcfilelist",
			);
			name = "[CP] Embed Pods Frameworks";
			outputFileListPaths = (
				"${PODS_ROOT}/Target Support Files/Pods-DropDownMenu/Pods-DropDownMenu-frameworks-${CONFIGURATION}-output-files.xcfilelist",
			);
			runOnlyForDeploymentPostprocessing = 0;
			shellPath = /bin/sh;
			shellScript = "\"${PODS_ROOT}/Target Support Files/Pods-DropDownMenu/Pods-DropDownMenu-frameworks.sh\"\n";
			showEnvVarsInLog = 0;
		};
		D5CD19AC22BBA8BD27376685 /* [CP] Embed Pods Frameworks */ = {
			isa = PBXShellScriptBuildPhase;
			buildActionMask = 2147483647;
			files = (
			);
			inputFileListPaths = (
				"${PODS_ROOT}/Target Support Files/Pods-DropDownMenu-DropDownMenuUITests/Pods-DropDownMenu-DropDownMenuUITests-frameworks-${CONFIGURATION}-input-files.xcfilelist",
			);
			name = "[CP] Embed Pods Frameworks";
			outputFileListPaths = (
				"${PODS_ROOT}/Target Support Files/Pods-DropDownMenu-DropDownMenuUITests/Pods-DropDownMenu-DropDownMenuUITests-frameworks-${CONFIGURATION}-output-files.xcfilelist",
			);
			runOnlyForDeploymentPostprocessing = 0;
			shellPath = /bin/sh;
			shellScript = "\"${PODS_ROOT}/Target Support Files/Pods-DropDownMenu-DropDownMenuUITests/Pods-DropDownMenu-DropDownMenuUITests-frameworks.sh\"\n";
			showEnvVarsInLog = 0;
		};
		F5283B22E0526FDCDD551348 /* [CP] Check Pods Manifest.lock */ = {
			isa = PBXShellScriptBuildPhase;
			buildActionMask = 2147483647;
			files = (
			);
			inputFileListPaths = (
			);
			inputPaths = (
				"${PODS_PODFILE_DIR_PATH}/Podfile.lock",
				"${PODS_ROOT}/Manifest.lock",
			);
			name = "[CP] Check Pods Manifest.lock";
			outputFileListPaths = (
			);
			outputPaths = (
				"$(DERIVED_FILE_DIR)/Pods-DropDownMenuTests-checkManifestLockResult.txt",
			);
			runOnlyForDeploymentPostprocessing = 0;
			shellPath = /bin/sh;
			shellScript = "diff \"${PODS_PODFILE_DIR_PATH}/Podfile.lock\" \"${PODS_ROOT}/Manifest.lock\" > /dev/null\nif [ $? != 0 ] ; then\n    # print error to STDERR\n    echo \"error: The sandbox is not in sync with the Podfile.lock. Run 'pod install' or update your CocoaPods installation.\" >&2\n    exit 1\nfi\n# This output is used by Xcode 'outputs' to avoid re-running this script phase.\necho \"SUCCESS\" > \"${SCRIPT_OUTPUT_FILE_0}\"\n";
			showEnvVarsInLog = 0;
		};
		FB9BE485F1D6D352F178FF18 /* [CP] Check Pods Manifest.lock */ = {
			isa = PBXShellScriptBuildPhase;
			buildActionMask = 2147483647;
			files = (
			);
			inputFileListPaths = (
			);
			inputPaths = (
				"${PODS_PODFILE_DIR_PATH}/Podfile.lock",
				"${PODS_ROOT}/Manifest.lock",
			);
			name = "[CP] Check Pods Manifest.lock";
			outputFileListPaths = (
			);
			outputPaths = (
				"$(DERIVED_FILE_DIR)/Pods-DropDownMenu-checkManifestLockResult.txt",
			);
			runOnlyForDeploymentPostprocessing = 0;
			shellPath = /bin/sh;
			shellScript = "diff \"${PODS_PODFILE_DIR_PATH}/Podfile.lock\" \"${PODS_ROOT}/Manifest.lock\" > /dev/null\nif [ $? != 0 ] ; then\n    # print error to STDERR\n    echo \"error: The sandbox is not in sync with the Podfile.lock. Run 'pod install' or update your CocoaPods installation.\" >&2\n    exit 1\nfi\n# This output is used by Xcode 'outputs' to avoid re-running this script phase.\necho \"SUCCESS\" > \"${SCRIPT_OUTPUT_FILE_0}\"\n";
			showEnvVarsInLog = 0;
		};
/* End PBXShellScriptBuildPhase section */

/* Begin PBXSourcesBuildPhase section */
		CEF1AF2724E8573600E1924D /* Sources */ = {
			isa = PBXSourcesBuildPhase;
			buildActionMask = 2147483647;
			files = (
				CEF1AF3324E8573600E1924D /* ViewController.swift in Sources */,
				CEF1AF2F24E8573600E1924D /* AppDelegate.swift in Sources */,
				CEF1AF3124E8573600E1924D /* SceneDelegate.swift in Sources */,
			);
			runOnlyForDeploymentPostprocessing = 0;
		};
		CEF1AF3D24E8573D00E1924D /* Sources */ = {
			isa = PBXSourcesBuildPhase;
			buildActionMask = 2147483647;
			files = (
				CEF1AF4624E8573D00E1924D /* DropDownMenuTests.swift in Sources */,
			);
			runOnlyForDeploymentPostprocessing = 0;
		};
		CEF1AF4824E8573D00E1924D /* Sources */ = {
			isa = PBXSourcesBuildPhase;
			buildActionMask = 2147483647;
			files = (
				CEF1AF5124E8573D00E1924D /* DropDownMenuUITests.swift in Sources */,
			);
			runOnlyForDeploymentPostprocessing = 0;
		};
/* End PBXSourcesBuildPhase section */

/* Begin PBXTargetDependency section */
		CEF1AF4324E8573D00E1924D /* PBXTargetDependency */ = {
			isa = PBXTargetDependency;
			target = CEF1AF2A24E8573600E1924D /* DropDownMenu */;
			targetProxy = CEF1AF4224E8573D00E1924D /* PBXContainerItemProxy */;
		};
		CEF1AF4E24E8573D00E1924D /* PBXTargetDependency */ = {
			isa = PBXTargetDependency;
			target = CEF1AF2A24E8573600E1924D /* DropDownMenu */;
			targetProxy = CEF1AF4D24E8573D00E1924D /* PBXContainerItemProxy */;
		};
/* End PBXTargetDependency section */

/* Begin PBXVariantGroup section */
		CEF1AF3424E8573600E1924D /* Main.storyboard */ = {
			isa = PBXVariantGroup;
			children = (
				CEF1AF3524E8573600E1924D /* Base */,
			);
			name = Main.storyboard;
			sourceTree = "<group>";
		};
		CEF1AF3924E8573C00E1924D /* LaunchScreen.storyboard */ = {
			isa = PBXVariantGroup;
			children = (
				CEF1AF3A24E8573C00E1924D /* Base */,
			);
			name = LaunchScreen.storyboard;
			sourceTree = "<group>";
		};
/* End PBXVariantGroup section */

/* Begin XCBuildConfiguration section */
		CEF1AF5324E8573D00E1924D /* Debug */ = {
			isa = XCBuildConfiguration;
			buildSettings = {
				ALWAYS_SEARCH_USER_PATHS = NO;
				CLANG_ANALYZER_NONNULL = YES;
				CLANG_ANALYZER_NUMBER_OBJECT_CONVERSION = YES_AGGRESSIVE;
				CLANG_CXX_LANGUAGE_STANDARD = "gnu++14";
				CLANG_CXX_LIBRARY = "libc++";
				CLANG_ENABLE_MODULES = YES;
				CLANG_ENABLE_OBJC_ARC = YES;
				CLANG_ENABLE_OBJC_WEAK = YES;
				CLANG_WARN_BLOCK_CAPTURE_AUTORELEASING = YES;
				CLANG_WARN_BOOL_CONVERSION = YES;
				CLANG_WARN_COMMA = YES;
				CLANG_WARN_CONSTANT_CONVERSION = YES;
				CLANG_WARN_DEPRECATED_OBJC_IMPLEMENTATIONS = YES;
				CLANG_WARN_DIRECT_OBJC_ISA_USAGE = YES_ERROR;
				CLANG_WARN_DOCUMENTATION_COMMENTS = YES;
				CLANG_WARN_EMPTY_BODY = YES;
				CLANG_WARN_ENUM_CONVERSION = YES;
				CLANG_WARN_INFINITE_RECURSION = YES;
				CLANG_WARN_INT_CONVERSION = YES;
				CLANG_WARN_NON_LITERAL_NULL_CONVERSION = YES;
				CLANG_WARN_OBJC_IMPLICIT_RETAIN_SELF = YES;
				CLANG_WARN_OBJC_LITERAL_CONVERSION = YES;
				CLANG_WARN_OBJC_ROOT_CLASS = YES_ERROR;
				CLANG_WARN_RANGE_LOOP_ANALYSIS = YES;
				CLANG_WARN_STRICT_PROTOTYPES = YES;
				CLANG_WARN_SUSPICIOUS_MOVE = YES;
				CLANG_WARN_UNGUARDED_AVAILABILITY = YES_AGGRESSIVE;
				CLANG_WARN_UNREACHABLE_CODE = YES;
				CLANG_WARN__DUPLICATE_METHOD_MATCH = YES;
				COPY_PHASE_STRIP = NO;
				DEBUG_INFORMATION_FORMAT = dwarf;
				ENABLE_STRICT_OBJC_MSGSEND = YES;
				ENABLE_TESTABILITY = YES;
				GCC_C_LANGUAGE_STANDARD = gnu11;
				GCC_DYNAMIC_NO_PIC = NO;
				GCC_NO_COMMON_BLOCKS = YES;
				GCC_OPTIMIZATION_LEVEL = 0;
				GCC_PREPROCESSOR_DEFINITIONS = (
					"DEBUG=1",
					"$(inherited)",
				);
				GCC_WARN_64_TO_32_BIT_CONVERSION = YES;
				GCC_WARN_ABOUT_RETURN_TYPE = YES_ERROR;
				GCC_WARN_UNDECLARED_SELECTOR = YES;
				GCC_WARN_UNINITIALIZED_AUTOS = YES_AGGRESSIVE;
				GCC_WARN_UNUSED_FUNCTION = YES;
				GCC_WARN_UNUSED_VARIABLE = YES;
				IPHONEOS_DEPLOYMENT_TARGET = 13.2;
				MTL_ENABLE_DEBUG_INFO = INCLUDE_SOURCE;
				MTL_FAST_MATH = YES;
				ONLY_ACTIVE_ARCH = YES;
				SDKROOT = iphoneos;
				SWIFT_ACTIVE_COMPILATION_CONDITIONS = DEBUG;
				SWIFT_OPTIMIZATION_LEVEL = "-Onone";
			};
			name = Debug;
		};
		CEF1AF5424E8573D00E1924D /* Release */ = {
			isa = XCBuildConfiguration;
			buildSettings = {
				ALWAYS_SEARCH_USER_PATHS = NO;
				CLANG_ANALYZER_NONNULL = YES;
				CLANG_ANALYZER_NUMBER_OBJECT_CONVERSION = YES_AGGRESSIVE;
				CLANG_CXX_LANGUAGE_STANDARD = "gnu++14";
				CLANG_CXX_LIBRARY = "libc++";
				CLANG_ENABLE_MODULES = YES;
				CLANG_ENABLE_OBJC_ARC = YES;
				CLANG_ENABLE_OBJC_WEAK = YES;
				CLANG_WARN_BLOCK_CAPTURE_AUTORELEASING = YES;
				CLANG_WARN_BOOL_CONVERSION = YES;
				CLANG_WARN_COMMA = YES;
				CLANG_WARN_CONSTANT_CONVERSION = YES;
				CLANG_WARN_DEPRECATED_OBJC_IMPLEMENTATIONS = YES;
				CLANG_WARN_DIRECT_OBJC_ISA_USAGE = YES_ERROR;
				CLANG_WARN_DOCUMENTATION_COMMENTS = YES;
				CLANG_WARN_EMPTY_BODY = YES;
				CLANG_WARN_ENUM_CONVERSION = YES;
				CLANG_WARN_INFINITE_RECURSION = YES;
				CLANG_WARN_INT_CONVERSION = YES;
				CLANG_WARN_NON_LITERAL_NULL_CONVERSION = YES;
				CLANG_WARN_OBJC_IMPLICIT_RETAIN_SELF = YES;
				CLANG_WARN_OBJC_LITERAL_CONVERSION = YES;
				CLANG_WARN_OBJC_ROOT_CLASS = YES_ERROR;
				CLANG_WARN_RANGE_LOOP_ANALYSIS = YES;
				CLANG_WARN_STRICT_PROTOTYPES = YES;
				CLANG_WARN_SUSPICIOUS_MOVE = YES;
				CLANG_WARN_UNGUARDED_AVAILABILITY = YES_AGGRESSIVE;
				CLANG_WARN_UNREACHABLE_CODE = YES;
				CLANG_WARN__DUPLICATE_METHOD_MATCH = YES;
				COPY_PHASE_STRIP = NO;
				DEBUG_INFORMATION_FORMAT = "dwarf-with-dsym";
				ENABLE_NS_ASSERTIONS = NO;
				ENABLE_STRICT_OBJC_MSGSEND = YES;
				GCC_C_LANGUAGE_STANDARD = gnu11;
				GCC_NO_COMMON_BLOCKS = YES;
				GCC_WARN_64_TO_32_BIT_CONVERSION = YES;
				GCC_WARN_ABOUT_RETURN_TYPE = YES_ERROR;
				GCC_WARN_UNDECLARED_SELECTOR = YES;
				GCC_WARN_UNINITIALIZED_AUTOS = YES_AGGRESSIVE;
				GCC_WARN_UNUSED_FUNCTION = YES;
				GCC_WARN_UNUSED_VARIABLE = YES;
				IPHONEOS_DEPLOYMENT_TARGET = 13.2;
				MTL_ENABLE_DEBUG_INFO = NO;
				MTL_FAST_MATH = YES;
				SDKROOT = iphoneos;
				SWIFT_COMPILATION_MODE = wholemodule;
				SWIFT_OPTIMIZATION_LEVEL = "-O";
				VALIDATE_PRODUCT = YES;
			};
			name = Release;
		};
		CEF1AF5624E8573D00E1924D /* Debug */ = {
			isa = XCBuildConfiguration;
			baseConfigurationReference = CFC11604AE56F7A62D63ABE9 /* Pods-DropDownMenu.debug.xcconfig */;
			buildSettings = {
				ASSETCATALOG_COMPILER_APPICON_NAME = AppIcon;
				CODE_SIGN_STYLE = Automatic;
				INFOPLIST_FILE = DropDownMenu/Info.plist;
				LD_RUNPATH_SEARCH_PATHS = (
					"$(inherited)",
					"@executable_path/Frameworks",
				);
				PRODUCT_BUNDLE_IDENTIFIER = com.bartu.DropDownMenu;
				PRODUCT_NAME = "$(TARGET_NAME)";
				SWIFT_VERSION = 5.0;
				TARGETED_DEVICE_FAMILY = "1,2";
			};
			name = Debug;
		};
		CEF1AF5724E8573D00E1924D /* Release */ = {
			isa = XCBuildConfiguration;
			baseConfigurationReference = FFF29AB21E3F66598909B3E8 /* Pods-DropDownMenu.release.xcconfig */;
			buildSettings = {
				ASSETCATALOG_COMPILER_APPICON_NAME = AppIcon;
				CODE_SIGN_STYLE = Automatic;
				INFOPLIST_FILE = DropDownMenu/Info.plist;
				LD_RUNPATH_SEARCH_PATHS = (
					"$(inherited)",
					"@executable_path/Frameworks",
				);
				PRODUCT_BUNDLE_IDENTIFIER = com.bartu.DropDownMenu;
				PRODUCT_NAME = "$(TARGET_NAME)";
				SWIFT_VERSION = 5.0;
				TARGETED_DEVICE_FAMILY = "1,2";
			};
			name = Release;
		};
		CEF1AF5924E8573D00E1924D /* Debug */ = {
			isa = XCBuildConfiguration;
			baseConfigurationReference = 628FC4CF15047BA9B3C8A201 /* Pods-DropDownMenuTests.debug.xcconfig */;
			buildSettings = {
				ALWAYS_EMBED_SWIFT_STANDARD_LIBRARIES = YES;
				BUNDLE_LOADER = "$(TEST_HOST)";
				CODE_SIGN_STYLE = Automatic;
				INFOPLIST_FILE = DropDownMenuTests/Info.plist;
				IPHONEOS_DEPLOYMENT_TARGET = 13.2;
				LD_RUNPATH_SEARCH_PATHS = (
					"$(inherited)",
					"@executable_path/Frameworks",
					"@loader_path/Frameworks",
				);
				PRODUCT_BUNDLE_IDENTIFIER = com.bartu.DropDownMenuTests;
				PRODUCT_NAME = "$(TARGET_NAME)";
				SWIFT_VERSION = 5.0;
				TARGETED_DEVICE_FAMILY = "1,2";
				TEST_HOST = "$(BUILT_PRODUCTS_DIR)/DropDownMenu.app/DropDownMenu";
			};
			name = Debug;
		};
		CEF1AF5A24E8573D00E1924D /* Release */ = {
			isa = XCBuildConfiguration;
			baseConfigurationReference = BB517BC385F8231484FEEFAB /* Pods-DropDownMenuTests.release.xcconfig */;
			buildSettings = {
				ALWAYS_EMBED_SWIFT_STANDARD_LIBRARIES = YES;
				BUNDLE_LOADER = "$(TEST_HOST)";
				CODE_SIGN_STYLE = Automatic;
				INFOPLIST_FILE = DropDownMenuTests/Info.plist;
				IPHONEOS_DEPLOYMENT_TARGET = 13.2;
				LD_RUNPATH_SEARCH_PATHS = (
					"$(inherited)",
					"@executable_path/Frameworks",
					"@loader_path/Frameworks",
				);
				PRODUCT_BUNDLE_IDENTIFIER = com.bartu.DropDownMenuTests;
				PRODUCT_NAME = "$(TARGET_NAME)";
				SWIFT_VERSION = 5.0;
				TARGETED_DEVICE_FAMILY = "1,2";
				TEST_HOST = "$(BUILT_PRODUCTS_DIR)/DropDownMenu.app/DropDownMenu";
			};
			name = Release;
		};
		CEF1AF5C24E8573D00E1924D /* Debug */ = {
			isa = XCBuildConfiguration;
			baseConfigurationReference = 7E0A5C272E6D0033BD7FA4FB /* Pods-DropDownMenu-DropDownMenuUITests.debug.xcconfig */;
			buildSettings = {
				ALWAYS_EMBED_SWIFT_STANDARD_LIBRARIES = YES;
				CODE_SIGN_STYLE = Automatic;
				INFOPLIST_FILE = DropDownMenuUITests/Info.plist;
				LD_RUNPATH_SEARCH_PATHS = (
					"$(inherited)",
					"@executable_path/Frameworks",
					"@loader_path/Frameworks",
				);
				PRODUCT_BUNDLE_IDENTIFIER = com.bartu.DropDownMenuUITests;
				PRODUCT_NAME = "$(TARGET_NAME)";
				SWIFT_VERSION = 5.0;
				TARGETED_DEVICE_FAMILY = "1,2";
				TEST_TARGET_NAME = DropDownMenu;
			};
			name = Debug;
		};
		CEF1AF5D24E8573D00E1924D /* Release */ = {
			isa = XCBuildConfiguration;
			baseConfigurationReference = 8E1D3EB6E27A6D39FEBCC03C /* Pods-DropDownMenu-DropDownMenuUITests.release.xcconfig */;
			buildSettings = {
				ALWAYS_EMBED_SWIFT_STANDARD_LIBRARIES = YES;
				CODE_SIGN_STYLE = Automatic;
				INFOPLIST_FILE = DropDownMenuUITests/Info.plist;
				LD_RUNPATH_SEARCH_PATHS = (
					"$(inherited)",
					"@executable_path/Frameworks",
					"@loader_path/Frameworks",
				);
				PRODUCT_BUNDLE_IDENTIFIER = com.bartu.DropDownMenuUITests;
				PRODUCT_NAME = "$(TARGET_NAME)";
				SWIFT_VERSION = 5.0;
				TARGETED_DEVICE_FAMILY = "1,2";
				TEST_TARGET_NAME = DropDownMenu;
			};
			name = Release;
		};
/* End XCBuildConfiguration section */

/* Begin XCConfigurationList section */
		CEF1AF2624E8573600E1924D /* Build configuration list for PBXProject "DropDownMenu" */ = {
			isa = XCConfigurationList;
			buildConfigurations = (
				CEF1AF5324E8573D00E1924D /* Debug */,
				CEF1AF5424E8573D00E1924D /* Release */,
			);
			defaultConfigurationIsVisible = 0;
			defaultConfigurationName = Release;
		};
		CEF1AF5524E8573D00E1924D /* Build configuration list for PBXNativeTarget "DropDownMenu" */ = {
			isa = XCConfigurationList;
			buildConfigurations = (
				CEF1AF5624E8573D00E1924D /* Debug */,
				CEF1AF5724E8573D00E1924D /* Release */,
			);
			defaultConfigurationIsVisible = 0;
			defaultConfigurationName = Release;
		};
		CEF1AF5824E8573D00E1924D /* Build configuration list for PBXNativeTarget "DropDownMenuTests" */ = {
			isa = XCConfigurationList;
			buildConfigurations = (
				CEF1AF5924E8573D00E1924D /* Debug */,
				CEF1AF5A24E8573D00E1924D /* Release */,
			);
			defaultConfigurationIsVisible = 0;
			defaultConfigurationName = Release;
		};
		CEF1AF5B24E8573D00E1924D /* Build configuration list for PBXNativeTarget "DropDownMenuUITests" */ = {
			isa = XCConfigurationList;
			buildConfigurations = (
				CEF1AF5C24E8573D00E1924D /* Debug */,
				CEF1AF5D24E8573D00E1924D /* Release */,
			);
			defaultConfigurationIsVisible = 0;
			defaultConfigurationName = Release;
		};
/* End XCConfigurationList section */
	};
	rootObject = CEF1AF2324E8573600E1924D /* Project object */;
}
